
Microsoft Visual Studio Solution File, Format Version 12.00
Project("{FAE04EC0-301F-11D3-BF4B-00C04F79EFBC}") = "Tomori", "Tomori.csproj", "{869D23C0-DC15-4E59-B8A3-5F245729BCE6}"
EndProject
Global
	GlobalSection(SolutionConfigurationPlatforms) = preSolution
		Debug|Any CPU = Debug|Any CPU
		Release|Any CPU = Release|Any CPU
	EndGlobalSection
	GlobalSection(ProjectConfigurationPlatforms) = postSolution
		{869D23C0-DC15-4E59-B8A3-5F245729BCE6}.Debug|Any CPU.ActiveCfg = Debug|Any CPU
		{869D23C0-DC15-4E59-B8A3-5F245729BCE6}.Debug|Any CPU.Build.0 = Debug|Any CPU
		{869D23C0-DC15-4E59-B8A3-5F245729BCE6}.Release|Any CPU.ActiveCfg = Release|Any CPU
		{869D23C0-DC15-4E59-B8A3-5F245729BCE6}.Release|Any CPU.Build.0 = Release|Any CPU
	EndGlobalSection
EndGlobal
